
Microsoft Visual Studio Solution File, Format Version 12.00
# Visual Studio Version 16
VisualStudioVersion = 16.0.30804.86
MinimumVisualStudioVersion = 10.0.40219.1
Project("{FAE04EC0-301F-11D3-BF4B-00C04F79EFBC}") = "DebuggingTools", "DebuggingTools.csproj", "{C8835324-8E99-42BA-977D-ED908D78DDDA}"
EndProject
Global
	GlobalSection(SolutionConfigurationPlatforms) = preSolution
		Debug|Any CPU = Debug|Any CPU
		Debug|x64 = Debug|x64
		Release|Any CPU = Release|Any CPU
		Release|x64 = Release|x64
	EndGlobalSection
	GlobalSection(ProjectConfigurationPlatforms) = postSolution
		{C8835324-8E99-42BA-977D-ED908D78DDDA}.Debug|Any CPU.ActiveCfg = Debug|Any CPU
		{C8835324-8E99-42BA-977D-ED908D78DDDA}.Debug|Any CPU.Build.0 = Debug|Any CPU
		{C8835324-8E99-42BA-977D-ED908D78DDDA}.Debug|x64.ActiveCfg = Debug|x64
		{C8835324-8E99-42BA-977D-ED908D78DDDA}.Debug|x64.Build.0 = Debug|x64
		{C8835324-8E99-42BA-977D-ED908D78DDDA}.Release|Any CPU.ActiveCfg = Release|Any CPU
		{C8835324-8E99-42BA-977D-ED908D78DDDA}.Release|Any CPU.Build.0 = Release|Any CPU
		{C8835324-8E99-42BA-977D-ED908D78DDDA}.Release|x64.ActiveCfg = Release|x64
		{C8835324-8E99-42BA-977D-ED908D78DDDA}.Release|x64.Build.0 = Release|x64
	EndGlobalSection
	GlobalSection(SolutionProperties) = preSolution
		HideSolutionNode = FALSE
	EndGlobalSection
	GlobalSection(ExtensibilityGlobals) = postSolution
		SolutionGuid = {E2B7242B-D5A1-437C-B553-5385E4FC8254}
	EndGlobalSection
EndGlobal
